
Microsoft Visual Studio Solution File, Format Version 12.00
# Visual Studio Version 17
VisualStudioVersion = 17.14.36401.2
MinimumVisualStudioVersion = 10.0.40219.1
Project("{FAE04EC0-301F-11D3-BF4B-00C04F79EFBC}") = "Snet.Yolo.Server", "Snet.Yolo.Server\Snet.Yolo.Server.csproj", "{C16C91B4-5131-599F-8E00-D3F009FD162D}"
EndProject
Project("{FAE04EC0-301F-11D3-BF4B-00C04F79EFBC}") = "Snet.Yolo.Api", "Snet.Yolo.Api\Snet.Yolo.Api.csproj", "{09954971-C95B-D9DF-C779-78543F36E0CF}"
EndProject
Global
	GlobalSection(SolutionConfigurationPlatforms) = preSolution
		Debug|Any CPU = Debug|Any CPU
		Release|Any CPU = Release|Any CPU
	EndGlobalSection
	GlobalSection(ProjectConfigurationPlatforms) = postSolution
		{C16C91B4-5131-599F-8E00-D3F009FD162D}.Debug|Any CPU.ActiveCfg = Debug|Any CPU
		{C16C91B4-5131-599F-8E00-D3F009FD162D}.Debug|Any CPU.Build.0 = Debug|Any CPU
		{C16C91B4-5131-599F-8E00-D3F009FD162D}.Release|Any CPU.ActiveCfg = Release|Any CPU
		{C16C91B4-5131-599F-8E00-D3F009FD162D}.Release|Any CPU.Build.0 = Release|Any CPU
		{09954971-C95B-D9DF-C779-78543F36E0CF}.Debug|Any CPU.ActiveCfg = Debug|Any CPU
		{09954971-C95B-D9DF-C779-78543F36E0CF}.Debug|Any CPU.Build.0 = Debug|Any CPU
		{09954971-C95B-D9DF-C779-78543F36E0CF}.Release|Any CPU.ActiveCfg = Release|Any CPU
		{09954971-C95B-D9DF-C779-78543F36E0CF}.Release|Any CPU.Build.0 = Release|Any CPU
	EndGlobalSection
	GlobalSection(SolutionProperties) = preSolution
		HideSolutionNode = FALSE
	EndGlobalSection
	GlobalSection(ExtensibilityGlobals) = postSolution
		SolutionGuid = {A363CF22-154B-4428-A8C7-7974D9A4B77F}
	EndGlobalSection
EndGlobal
