
Microsoft Visual Studio Solution File, Format Version 12.00
# Visual Studio Version 18
VisualStudioVersion = 18.0.11018.127
MinimumVisualStudioVersion = 10.0.40219.1
Project("{FAE04EC0-301F-11D3-BF4B-00C04F79EFBC}") = "Snet.Yolo.Server", "Snet.Yolo.Server\Snet.Yolo.Server.csproj", "{C16C91B4-5131-599F-8E00-D3F009FD162D}"
EndProject
Project("{FAE04EC0-301F-11D3-BF4B-00C04F79EFBC}") = "Snet.Yolo.Api", "Snet.Yolo.Api\Snet.Yolo.Api.csproj", "{09954971-C95B-D9DF-C779-78543F36E0CF}"
EndProject
Project("{FAE04EC0-301F-11D3-BF4B-00C04F79EFBC}") = "Snet.Yolo.Test", "Snet.Yolo.Test\Snet.Yolo.Test.csproj", "{DD8262AA-7D3C-4D40-B9B4-8FF6E0BEA8B5}"
EndProject
Project("{FAE04EC0-301F-11D3-BF4B-00C04F79EFBC}") = "Snet.Yolo.Tool", "Snet.Yolo.Tool\Snet.Yolo.Tool.csproj", "{21653986-D09B-4661-8AB5-F261EED589FD}"
EndProject
Global
	GlobalSection(SolutionConfigurationPlatforms) = preSolution
		Debug|Any CPU = Debug|Any CPU
		Release|Any CPU = Release|Any CPU
	EndGlobalSection
	GlobalSection(ProjectConfigurationPlatforms) = postSolution
		{C16C91B4-5131-599F-8E00-D3F009FD162D}.Debug|Any CPU.ActiveCfg = Debug|Any CPU
		{C16C91B4-5131-599F-8E00-D3F009FD162D}.Debug|Any CPU.Build.0 = Debug|Any CPU
		{C16C91B4-5131-599F-8E00-D3F009FD162D}.Release|Any CPU.ActiveCfg = Release|Any CPU
		{C16C91B4-5131-599F-8E00-D3F009FD162D}.Release|Any CPU.Build.0 = Release|Any CPU
		{09954971-C95B-D9DF-C779-78543F36E0CF}.Debug|Any CPU.ActiveCfg = Debug|Any CPU
		{09954971-C95B-D9DF-C779-78543F36E0CF}.Debug|Any CPU.Build.0 = Debug|Any CPU
		{09954971-C95B-D9DF-C779-78543F36E0CF}.Release|Any CPU.ActiveCfg = Release|Any CPU
		{09954971-C95B-D9DF-C779-78543F36E0CF}.Release|Any CPU.Build.0 = Release|Any CPU
		{DD8262AA-7D3C-4D40-B9B4-8FF6E0BEA8B5}.Debug|Any CPU.ActiveCfg = Debug|Any CPU
		{DD8262AA-7D3C-4D40-B9B4-8FF6E0BEA8B5}.Debug|Any CPU.Build.0 = Debug|Any CPU
		{DD8262AA-7D3C-4D40-B9B4-8FF6E0BEA8B5}.Release|Any CPU.ActiveCfg = Release|Any CPU
		{DD8262AA-7D3C-4D40-B9B4-8FF6E0BEA8B5}.Release|Any CPU.Build.0 = Release|Any CPU
		{21653986-D09B-4661-8AB5-F261EED589FD}.Debug|Any CPU.ActiveCfg = Debug|Any CPU
		{21653986-D09B-4661-8AB5-F261EED589FD}.Debug|Any CPU.Build.0 = Debug|Any CPU
		{21653986-D09B-4661-8AB5-F261EED589FD}.Release|Any CPU.ActiveCfg = Release|Any CPU
		{21653986-D09B-4661-8AB5-F261EED589FD}.Release|Any CPU.Build.0 = Release|Any CPU
	EndGlobalSection
	GlobalSection(SolutionProperties) = preSolution
		HideSolutionNode = FALSE
	EndGlobalSection
	GlobalSection(ExtensibilityGlobals) = postSolution
		SolutionGuid = {A363CF22-154B-4428-A8C7-7974D9A4B77F}
	EndGlobalSection
EndGlobal
